// !$*UTF8*$!
{
	archiveVersion = 1;
	classes = {
	};
	objectVersion = 77;
	objects = {

/* Begin PBXBuildFile section */
		5227BECA2EEFF3ED00318EF7 /* cs2_skins_db.json in Resources */ = {isa = PBXBuildFile; fileRef = 5227BEC92EEFF3ED00318EF7 /* cs2_skins_db.json */; };
		52D738482EEAD3CE00044FF8 /* SkinModel.swift in Sources */ = {isa = PBXBuildFile; fileRef = 52D738472EEAD3C900044FF8 /* SkinModel.swift */; };
		52D738532EEAD8BB00044FF8 /* DataManager.swift in Sources */ = {isa = PBXBuildFile; fileRef = 52D738522EEAD8BB00044FF8 /* DataManager.swift */; };
		52D738552EEAD95000044FF8 /* ContentView.swift in Sources */ = {isa = PBXBuildFile; fileRef = 52D738542EEAD95000044FF8 /* ContentView.swift */; };
		52D738572EEADAB000044FF8 /* CS2TradeUpApp.swift in Sources */ = {isa = PBXBuildFile; fileRef = 52D738562EEADA9C00044FF8 /* CS2TradeUpApp.swift */; };
		52D738592EEADDFF00044FF8 /* skins.json in Resources */ = {isa = PBXBuildFile; fileRef = 52D738582EEADDFF00044FF8 /* skins.json */; };
		52D7385B2EEADF3E00044FF8 /* CachedImage.swift in Sources */ = {isa = PBXBuildFile; fileRef = 52D7385A2EEADF3800044FF8 /* CachedImage.swift */; };
		52D7385F2EEC0F6B00044FF8 /* PriceModel.swift in Sources */ = {isa = PBXBuildFile; fileRef = 52D7385E2EEC0F6500044FF8 /* PriceModel.swift */; };
		52E7BCF72EF027810014A68C /* RecipeFeature.swift in Sources */ = {isa = PBXBuildFile; fileRef = 52E7BCF62EF0277C0014A68C /* RecipeFeature.swift */; };
		52E7BD012EF552B50014A68C /* InventoryFeature.swift in Sources */ = {isa = PBXBuildFile; fileRef = 52E7BD002EF552AF0014A68C /* InventoryFeature.swift */; };
		52E7BD052EF55AC50014A68C /* SteamInventoryService.swift in Sources */ = {isa = PBXBuildFile; fileRef = 52E7BD042EF55AC50014A68C /* SteamInventoryService.swift */; };
/* End PBXBuildFile section */

/* Begin PBXFileReference section */
		5227BEC92EEFF3ED00318EF7 /* cs2_skins_db.json */ = {isa = PBXFileReference; lastKnownFileType = text.json; path = cs2_skins_db.json; sourceTree = "<group>"; };
		52D737962EEAC4AF00044FF8 /* CS2TradeUp.app */ = {isa = PBXFileReference; explicitFileType = wrapper.application; includeInIndex = 0; path = CS2TradeUp.app; sourceTree = BUILT_PRODUCTS_DIR; };
		52D738472EEAD3C900044FF8 /* SkinModel.swift */ = {isa = PBXFileReference; lastKnownFileType = sourcecode.swift; path = SkinModel.swift; sourceTree = "<group>"; };
		52D738522EEAD8BB00044FF8 /* DataManager.swift */ = {isa = PBXFileReference; lastKnownFileType = sourcecode.swift; path = DataManager.swift; sourceTree = "<group>"; };
		52D738542EEAD95000044FF8 /* ContentView.swift */ = {isa = PBXFileReference; lastKnownFileType = sourcecode.swift; path = ContentView.swift; sourceTree = "<group>"; };
		52D738562EEADA9C00044FF8 /* CS2TradeUpApp.swift */ = {isa = PBXFileReference; lastKnownFileType = sourcecode.swift; path = CS2TradeUpApp.swift; sourceTree = "<group>"; };
		52D738582EEADDFF00044FF8 /* skins.json */ = {isa = PBXFileReference; lastKnownFileType = text.json; path = skins.json; sourceTree = "<group>"; };
		52D7385A2EEADF3800044FF8 /* CachedImage.swift */ = {isa = PBXFileReference; lastKnownFileType = sourcecode.swift; path = CachedImage.swift; sourceTree = "<group>"; };
		52D7385E2EEC0F6500044FF8 /* PriceModel.swift */ = {isa = PBXFileReference; lastKnownFileType = sourcecode.swift; path = PriceModel.swift; sourceTree = "<group>"; };
		52E7BCF62EF0277C0014A68C /* RecipeFeature.swift */ = {isa = PBXFileReference; lastKnownFileType = sourcecode.swift; path = RecipeFeature.swift; sourceTree = "<group>"; };
		52E7BD002EF552AF0014A68C /* InventoryFeature.swift */ = {isa = PBXFileReference; lastKnownFileType = sourcecode.swift; path = InventoryFeature.swift; sourceTree = "<group>"; };
		52E7BD042EF55AC50014A68C /* SteamInventoryService.swift */ = {isa = PBXFileReference; lastKnownFileType = sourcecode.swift; path = SteamInventoryService.swift; sourceTree = "<group>"; };
/* End PBXFileReference section */

/* Begin PBXFileSystemSynchronizedRootGroup section */
		52D737982EEAC4AF00044FF8 /* CS2TradeUp */ = {
			isa = PBXFileSystemSynchronizedRootGroup;
			path = CS2TradeUp;
			sourceTree = "<group>";
		};
/* End PBXFileSystemSynchronizedRootGroup section */

/* Begin PBXFrameworksBuildPhase section */
		52D737932EEAC4AF00044FF8 /* Frameworks */ = {
			isa = PBXFrameworksBuildPhase;
			buildActionMask = 2147483647;
			files = (
			);
			runOnlyForDeploymentPostprocessing = 0;
		};
/* End PBXFrameworksBuildPhase section */

/* Begin PBXGroup section */
		52D7378D2EEAC4AE00044FF8 = {
			isa = PBXGroup;
			children = (
				52D737982EEAC4AF00044FF8 /* CS2TradeUp */,
				52D737972EEAC4AF00044FF8 /* Products */,
				52D738472EEAD3C900044FF8 /* SkinModel.swift */,
				52D738522EEAD8BB00044FF8 /* DataManager.swift */,
				52D7385E2EEC0F6500044FF8 /* PriceModel.swift */,
				52D738542EEAD95000044FF8 /* ContentView.swift */,
				52E7BD002EF552AF0014A68C /* InventoryFeature.swift */,
				52E7BD042EF55AC50014A68C /* SteamInventoryService.swift */,
				52D738562EEADA9C00044FF8 /* CS2TradeUpApp.swift */,
				52D738582EEADDFF00044FF8 /* skins.json */,
				52D7385A2EEADF3800044FF8 /* CachedImage.swift */,
				52E7BCF62EF0277C0014A68C /* RecipeFeature.swift */,
				5227BEC92EEFF3ED00318EF7 /* cs2_skins_db.json */,
			);
			sourceTree = "<group>";
		};
		52D737972EEAC4AF00044FF8 /* Products */ = {
			isa = PBXGroup;
			children = (
				52D737962EEAC4AF00044FF8 /* CS2TradeUp.app */,
			);
			name = Products;
			sourceTree = "<group>";
		};
/* End PBXGroup section */

/* Begin PBXNativeTarget section */
		52D737952EEAC4AF00044FF8 /* CS2TradeUp */ = {
			isa = PBXNativeTarget;
			buildConfigurationList = 52D737A12EEAC4AF00044FF8 /* Build configuration list for PBXNativeTarget "CS2TradeUp" */;
			buildPhases = (
				52D737922EEAC4AF00044FF8 /* Sources */,
				52D737932EEAC4AF00044FF8 /* Frameworks */,
				52D737942EEAC4AF00044FF8 /* Resources */,
			);
			buildRules = (
			);
			dependencies = (
			);
			fileSystemSynchronizedGroups = (
				52D737982EEAC4AF00044FF8 /* CS2TradeUp */,
			);
			name = CS2TradeUp;
			packageProductDependencies = (
			);
			productName = CS2TradeUp;
			productReference = 52D737962EEAC4AF00044FF8 /* CS2TradeUp.app */;
			productType = "com.apple.product-type.application";
		};
/* End PBXNativeTarget section */

/* Begin PBXProject section */
		52D7378E2EEAC4AE00044FF8 /* Project object */ = {
			isa = PBXProject;
			attributes = {
				BuildIndependentTargetsInParallel = 1;
				LastSwiftUpdateCheck = 2610;
				LastUpgradeCheck = 2610;
				TargetAttributes = {
					52D737952EEAC4AF00044FF8 = {
						CreatedOnToolsVersion = 26.1.1;
						LastSwiftMigration = 2610;
					};
				};
			};
			buildConfigurationList = 52D737912EEAC4AE00044FF8 /* Build configuration list for PBXProject "CS2TradeUp" */;
			developmentRegion = en;
			hasScannedForEncodings = 0;
			knownRegions = (
				en,
				Base,
			);
			mainGroup = 52D7378D2EEAC4AE00044FF8;
			minimizedProjectReferenceProxies = 1;
			preferredProjectObjectVersion = 77;
			productRefGroup = 52D737972EEAC4AF00044FF8 /* Products */;
			projectDirPath = "";
			projectRoot = "";
			targets = (
				52D737952EEAC4AF00044FF8 /* CS2TradeUp */,
			);
		};
/* End PBXProject section */

/* Begin PBXResourcesBuildPhase section */
		52D737942EEAC4AF00044FF8 /* Resources */ = {
			isa = PBXResourcesBuildPhase;
			buildActionMask = 2147483647;
			files = (
				52D738592EEADDFF00044FF8 /* skins.json in Resources */,
				5227BECA2EEFF3ED00318EF7 /* cs2_skins_db.json in Resources */,
			);
			runOnlyForDeploymentPostprocessing = 0;
		};
/* End PBXResourcesBuildPhase section */

/* Begin PBXSourcesBuildPhase section */
		52D737922EEAC4AF00044FF8 /* Sources */ = {
			isa = PBXSourcesBuildPhase;
			buildActionMask = 2147483647;
			files = (
				52D738482EEAD3CE00044FF8 /* SkinModel.swift in Sources */,
				52E7BCF72EF027810014A68C /* RecipeFeature.swift in Sources */,
				52D738532EEAD8BB00044FF8 /* DataManager.swift in Sources */,
				52E7BD012EF552B50014A68C /* InventoryFeature.swift in Sources */,
				52E7BD052EF55AC50014A68C /* SteamInventoryService.swift in Sources */,
				52D738572EEADAB000044FF8 /* CS2TradeUpApp.swift in Sources */,
				52D738552EEAD95000044FF8 /* ContentView.swift in Sources */,
				52D7385F2EEC0F6B00044FF8 /* PriceModel.swift in Sources */,
				52D7385B2EEADF3E00044FF8 /* CachedImage.swift in Sources */,
			);
			runOnlyForDeploymentPostprocessing = 0;
		};
/* End PBXSourcesBuildPhase section */

/* Begin XCBuildConfiguration section */
		52D7379F2EEAC4AF00044FF8 /* Debug */ = {
			isa = XCBuildConfiguration;
			buildSettings = {
				ALWAYS_SEARCH_USER_PATHS = NO;
				ASSETCATALOG_COMPILER_GENERATE_SWIFT_ASSET_SYMBOL_EXTENSIONS = YES;
				CLANG_ANALYZER_NONNULL = YES;
				CLANG_ANALYZER_NUMBER_OBJECT_CONVERSION = YES_AGGRESSIVE;
				CLANG_CXX_LANGUAGE_STANDARD = "gnu++20";
				CLANG_ENABLE_MODULES = YES;
				CLANG_ENABLE_OBJC_ARC = YES;
				CLANG_ENABLE_OBJC_WEAK = YES;
				CLANG_WARN_BLOCK_CAPTURE_AUTORELEASING = YES;
				CLANG_WARN_BOOL_CONVERSION = YES;
				CLANG_WARN_COMMA = YES;
				CLANG_WARN_CONSTANT_CONVERSION = YES;
				CLANG_WARN_DEPRECATED_OBJC_IMPLEMENTATIONS = YES;
				CLANG_WARN_DIRECT_OBJC_ISA_USAGE = YES_ERROR;
				CLANG_WARN_DOCUMENTATION_COMMENTS = YES;
				CLANG_WARN_EMPTY_BODY = YES;
				CLANG_WARN_ENUM_CONVERSION = YES;
				CLANG_WARN_INFINITE_RECURSION = YES;
				CLANG_WARN_INT_CONVERSION = YES;
				CLANG_WARN_NON_LITERAL_NULL_CONVERSION = YES;
				CLANG_WARN_OBJC_IMPLICIT_RETAIN_SELF = YES;
				CLANG_WARN_OBJC_LITERAL_CONVERSION = YES;
				CLANG_WARN_OBJC_ROOT_CLASS = YES_ERROR;
				CLANG_WARN_QUOTED_INCLUDE_IN_FRAMEWORK_HEADER = YES;
				CLANG_WARN_RANGE_LOOP_ANALYSIS = YES;
				CLANG_WARN_STRICT_PROTOTYPES = YES;
				CLANG_WARN_SUSPICIOUS_MOVE = YES;
				CLANG_WARN_UNGUARDED_AVAILABILITY = YES_AGGRESSIVE;
				CLANG_WARN_UNREACHABLE_CODE = YES;
				CLANG_WARN__DUPLICATE_METHOD_MATCH = YES;
				COPY_PHASE_STRIP = NO;
				DEBUG_INFORMATION_FORMAT = dwarf;
				DEVELOPMENT_TEAM = 67LNFD757Q;
				ENABLE_STRICT_OBJC_MSGSEND = YES;
				ENABLE_TESTABILITY = YES;
				ENABLE_USER_SCRIPT_SANDBOXING = YES;
				GCC_C_LANGUAGE_STANDARD = gnu17;
				GCC_DYNAMIC_NO_PIC = NO;
				GCC_NO_COMMON_BLOCKS = YES;
				GCC_OPTIMIZATION_LEVEL = 0;
				GCC_PREPROCESSOR_DEFINITIONS = (
					"DEBUG=1",
					"$(inherited)",
				);
				GCC_WARN_64_TO_32_BIT_CONVERSION = YES;
				GCC_WARN_ABOUT_RETURN_TYPE = YES_ERROR;
				GCC_WARN_UNDECLARED_SELECTOR = YES;
				GCC_WARN_UNINITIALIZED_AUTOS = YES_AGGRESSIVE;
				GCC_WARN_UNUSED_FUNCTION = YES;
				GCC_WARN_UNUSED_VARIABLE = YES;
				LOCALIZATION_PREFERS_STRING_CATALOGS = YES;
				MTL_ENABLE_DEBUG_INFO = INCLUDE_SOURCE;
				MTL_FAST_MATH = YES;
				ONLY_ACTIVE_ARCH = YES;
				SWIFT_ACTIVE_COMPILATION_CONDITIONS = "DEBUG $(inherited)";
				SWIFT_OPTIMIZATION_LEVEL = "-Onone";
			};
			name = Debug;
		};
		52D737A02EEAC4AF00044FF8 /* Release */ = {
			isa = XCBuildConfiguration;
			buildSettings = {
				ALWAYS_SEARCH_USER_PATHS = NO;
				ASSETCATALOG_COMPILER_GENERATE_SWIFT_ASSET_SYMBOL_EXTENSIONS = YES;
				CLANG_ANALYZER_NONNULL = YES;
				CLANG_ANALYZER_NUMBER_OBJECT_CONVERSION = YES_AGGRESSIVE;
				CLANG_CXX_LANGUAGE_STANDARD = "gnu++20";
				CLANG_ENABLE_MODULES = YES;
				CLANG_ENABLE_OBJC_ARC = YES;
				CLANG_ENABLE_OBJC_WEAK = YES;
				CLANG_WARN_BLOCK_CAPTURE_AUTORELEASING = YES;
				CLANG_WARN_BOOL_CONVERSION = YES;
				CLANG_WARN_COMMA = YES;
				CLANG_WARN_CONSTANT_CONVERSION = YES;
				CLANG_WARN_DEPRECATED_OBJC_IMPLEMENTATIONS = YES;
				CLANG_WARN_DIRECT_OBJC_ISA_USAGE = YES_ERROR;
				CLANG_WARN_DOCUMENTATION_COMMENTS = YES;
				CLANG_WARN_EMPTY_BODY = YES;
				CLANG_WARN_ENUM_CONVERSION = YES;
				CLANG_WARN_INFINITE_RECURSION = YES;
				CLANG_WARN_INT_CONVERSION = YES;
				CLANG_WARN_NON_LITERAL_NULL_CONVERSION = YES;
				CLANG_WARN_OBJC_IMPLICIT_RETAIN_SELF = YES;
				CLANG_WARN_OBJC_LITERAL_CONVERSION = YES;
				CLANG_WARN_OBJC_ROOT_CLASS = YES_ERROR;
				CLANG_WARN_QUOTED_INCLUDE_IN_FRAMEWORK_HEADER = YES;
				CLANG_WARN_RANGE_LOOP_ANALYSIS = YES;
				CLANG_WARN_STRICT_PROTOTYPES = YES;
				CLANG_WARN_SUSPICIOUS_MOVE = YES;
				CLANG_WARN_UNGUARDED_AVAILABILITY = YES_AGGRESSIVE;
				CLANG_WARN_UNREACHABLE_CODE = YES;
				CLANG_WARN__DUPLICATE_METHOD_MATCH = YES;
				COPY_PHASE_STRIP = NO;
				DEBUG_INFORMATION_FORMAT = "dwarf-with-dsym";
				DEVELOPMENT_TEAM = 67LNFD757Q;
				ENABLE_NS_ASSERTIONS = NO;
				ENABLE_STRICT_OBJC_MSGSEND = YES;
				ENABLE_USER_SCRIPT_SANDBOXING = YES;
				GCC_C_LANGUAGE_STANDARD = gnu17;
				GCC_NO_COMMON_BLOCKS = YES;
				GCC_WARN_64_TO_32_BIT_CONVERSION = YES;
				GCC_WARN_ABOUT_RETURN_TYPE = YES_ERROR;
				GCC_WARN_UNDECLARED_SELECTOR = YES;
				GCC_WARN_UNINITIALIZED_AUTOS = YES_AGGRESSIVE;
				GCC_WARN_UNUSED_FUNCTION = YES;
				GCC_WARN_UNUSED_VARIABLE = YES;
				LOCALIZATION_PREFERS_STRING_CATALOGS = YES;
				MTL_ENABLE_DEBUG_INFO = NO;
				MTL_FAST_MATH = YES;
				SWIFT_COMPILATION_MODE = wholemodule;
			};
			name = Release;
		};
		52D737A22EEAC4AF00044FF8 /* Debug */ = {
			isa = XCBuildConfiguration;
			buildSettings = {
				ASSETCATALOG_COMPILER_APPICON_NAME = AppIcon;
				ASSETCATALOG_COMPILER_GLOBAL_ACCENT_COLOR_NAME = AccentColor;
				CLANG_ENABLE_MODULES = YES;
				CODE_SIGN_STYLE = Automatic;
				CURRENT_PROJECT_VERSION = 1;
				DEVELOPMENT_TEAM = 67LNFD757Q;
				ENABLE_APP_SANDBOX = YES;
				ENABLE_HARDENED_RUNTIME = YES;
				ENABLE_PREVIEWS = YES;
				ENABLE_USER_SELECTED_FILES = readonly;
				GENERATE_INFOPLIST_FILE = YES;
				"INFOPLIST_KEY_UIApplicationSceneManifest_Generation[sdk=iphoneos*]" = YES;
				"INFOPLIST_KEY_UIApplicationSceneManifest_Generation[sdk=iphonesimulator*]" = YES;
				"INFOPLIST_KEY_UIApplicationSupportsIndirectInputEvents[sdk=iphoneos*]" = YES;
				"INFOPLIST_KEY_UIApplicationSupportsIndirectInputEvents[sdk=iphonesimulator*]" = YES;
				"INFOPLIST_KEY_UILaunchScreen_Generation[sdk=iphoneos*]" = YES;
				"INFOPLIST_KEY_UILaunchScreen_Generation[sdk=iphonesimulator*]" = YES;
				"INFOPLIST_KEY_UIStatusBarStyle[sdk=iphoneos*]" = UIStatusBarStyleDefault;
				"INFOPLIST_KEY_UIStatusBarStyle[sdk=iphonesimulator*]" = UIStatusBarStyleDefault;
				INFOPLIST_KEY_UISupportedInterfaceOrientations_iPad = "UIInterfaceOrientationPortrait UIInterfaceOrientationPortraitUpsideDown UIInterfaceOrientationLandscapeLeft UIInterfaceOrientationLandscapeRight";
				INFOPLIST_KEY_UISupportedInterfaceOrientations_iPhone = "UIInterfaceOrientationPortrait UIInterfaceOrientationLandscapeLeft UIInterfaceOrientationLandscapeRight";
				IPHONEOS_DEPLOYMENT_TARGET = 26.1;
				LD_RUNPATH_SEARCH_PATHS = "@executable_path/Frameworks";
				"LD_RUNPATH_SEARCH_PATHS[sdk=macosx*]" = "@executable_path/../Frameworks";
				MACOSX_DEPLOYMENT_TARGET = 26.1;
				MARKETING_VERSION = 1.0;
				PRODUCT_BUNDLE_IDENTIFIER = com.kj2v.CS2TradeUp;
				PRODUCT_NAME = "$(TARGET_NAME)";
				REGISTER_APP_GROUPS = YES;
				SDKROOT = auto;
				STRING_CATALOG_GENERATE_SYMBOLS = YES;
				SUPPORTED_PLATFORMS = "iphoneos iphonesimulator macosx xros xrsimulator";
				SWIFT_APPROACHABLE_CONCURRENCY = YES;
				SWIFT_DEFAULT_ACTOR_ISOLATION = MainActor;
				SWIFT_EMIT_LOC_STRINGS = YES;
				SWIFT_OPTIMIZATION_LEVEL = "-Onone";
				SWIFT_UPCOMING_FEATURE_MEMBER_IMPORT_VISIBILITY = YES;
				SWIFT_VERSION = 5.0;
				TARGETED_DEVICE_FAMILY = "1,2,7";
				XROS_DEPLOYMENT_TARGET = 26.1;
			};
			name = Debug;
		};
		52D737A32EEAC4AF00044FF8 /* Release */ = {
			isa = XCBuildConfiguration;
			buildSettings = {
				ASSETCATALOG_COMPILER_APPICON_NAME = AppIcon;
				ASSETCATALOG_COMPILER_GLOBAL_ACCENT_COLOR_NAME = AccentColor;
				CLANG_ENABLE_MODULES = YES;
				CODE_SIGN_STYLE = Automatic;
				CURRENT_PROJECT_VERSION = 1;
				DEVELOPMENT_TEAM = 67LNFD757Q;
				ENABLE_APP_SANDBOX = YES;
				ENABLE_HARDENED_RUNTIME = YES;
				ENABLE_PREVIEWS = YES;
				ENABLE_USER_SELECTED_FILES = readonly;
				GENERATE_INFOPLIST_FILE = YES;
				"INFOPLIST_KEY_UIApplicationSceneManifest_Generation[sdk=iphoneos*]" = YES;
				"INFOPLIST_KEY_UIApplicationSceneManifest_Generation[sdk=iphonesimulator*]" = YES;
				"INFOPLIST_KEY_UIApplicationSupportsIndirectInputEvents[sdk=iphoneos*]" = YES;
				"INFOPLIST_KEY_UIApplicationSupportsIndirectInputEvents[sdk=iphonesimulator*]" = YES;
				"INFOPLIST_KEY_UILaunchScreen_Generation[sdk=iphoneos*]" = YES;
				"INFOPLIST_KEY_UILaunchScreen_Generation[sdk=iphonesimulator*]" = YES;
				"INFOPLIST_KEY_UIStatusBarStyle[sdk=iphoneos*]" = UIStatusBarStyleDefault;
				"INFOPLIST_KEY_UIStatusBarStyle[sdk=iphonesimulator*]" = UIStatusBarStyleDefault;
				INFOPLIST_KEY_UISupportedInterfaceOrientations_iPad = "UIInterfaceOrientationPortrait UIInterfaceOrientationPortraitUpsideDown UIInterfaceOrientationLandscapeLeft UIInterfaceOrientationLandscapeRight";
				INFOPLIST_KEY_UISupportedInterfaceOrientations_iPhone = "UIInterfaceOrientationPortrait UIInterfaceOrientationLandscapeLeft UIInterfaceOrientationLandscapeRight";
				IPHONEOS_DEPLOYMENT_TARGET = 26.1;
				LD_RUNPATH_SEARCH_PATHS = "@executable_path/Frameworks";
				"LD_RUNPATH_SEARCH_PATHS[sdk=macosx*]" = "@executable_path/../Frameworks";
				MACOSX_DEPLOYMENT_TARGET = 26.1;
				MARKETING_VERSION = 1.0;
				PRODUCT_BUNDLE_IDENTIFIER = com.kj2v.CS2TradeUp;
				PRODUCT_NAME = "$(TARGET_NAME)";
				REGISTER_APP_GROUPS = YES;
				SDKROOT = auto;
				STRING_CATALOG_GENERATE_SYMBOLS = YES;
				SUPPORTED_PLATFORMS = "iphoneos iphonesimulator macosx xros xrsimulator";
				SWIFT_APPROACHABLE_CONCURRENCY = YES;
				SWIFT_DEFAULT_ACTOR_ISOLATION = MainActor;
				SWIFT_EMIT_LOC_STRINGS = YES;
				SWIFT_UPCOMING_FEATURE_MEMBER_IMPORT_VISIBILITY = YES;
				SWIFT_VERSION = 5.0;
				TARGETED_DEVICE_FAMILY = "1,2,7";
				XROS_DEPLOYMENT_TARGET = 26.1;
			};
			name = Release;
		};
/* End XCBuildConfiguration section */

/* Begin XCConfigurationList section */
		52D737912EEAC4AE00044FF8 /* Build configuration list for PBXProject "CS2TradeUp" */ = {
			isa = XCConfigurationList;
			buildConfigurations = (
				52D7379F2EEAC4AF00044FF8 /* Debug */,
				52D737A02EEAC4AF00044FF8 /* Release */,
			);
			defaultConfigurationIsVisible = 0;
			defaultConfigurationName = Release;
		};
		52D737A12EEAC4AF00044FF8 /* Build configuration list for PBXNativeTarget "CS2TradeUp" */ = {
			isa = XCConfigurationList;
			buildConfigurations = (
				52D737A22EEAC4AF00044FF8 /* Debug */,
				52D737A32EEAC4AF00044FF8 /* Release */,
			);
			defaultConfigurationIsVisible = 0;
			defaultConfigurationName = Release;
		};
/* End XCConfigurationList section */
	};
	rootObject = 52D7378E2EEAC4AE00044FF8 /* Project object */;
}
